
Microsoft Visual Studio Solution File, Format Version 12.00
# Visual Studio Version 16
VisualStudioVersion = 16.0.34407.143
MinimumVisualStudioVersion = 10.0.40219.1
Project("{FAE04EC0-301F-11D3-BF4B-00C04F79EFBC}") = "GuessingGameProject", "GuessingGameProject.csproj", "{48CA04DA-C863-41AD-BA8C-AA566A3D2A85}"
EndProject
Global
	GlobalSection(SolutionConfigurationPlatforms) = preSolution
		Debug|Any CPU = Debug|Any CPU
		Release|Any CPU = Release|Any CPU
	EndGlobalSection
	GlobalSection(ProjectConfigurationPlatforms) = postSolution
		{48CA04DA-C863-41AD-BA8C-AA566A3D2A85}.Debug|Any CPU.ActiveCfg = Debug|Any CPU
		{48CA04DA-C863-41AD-BA8C-AA566A3D2A85}.Debug|Any CPU.Build.0 = Debug|Any CPU
		{48CA04DA-C863-41AD-BA8C-AA566A3D2A85}.Release|Any CPU.ActiveCfg = Release|Any CPU
		{48CA04DA-C863-41AD-BA8C-AA566A3D2A85}.Release|Any CPU.Build.0 = Release|Any CPU
	EndGlobalSection
	GlobalSection(SolutionProperties) = preSolution
		HideSolutionNode = FALSE
	EndGlobalSection
	GlobalSection(ExtensibilityGlobals) = postSolution
		SolutionGuid = {91071961-1816-4BBC-8E43-2BF2CD6FE12F}
	EndGlobalSection
EndGlobal
